// !$*UTF8*$!
{
	archiveVersion = 1;
	classes = {
	};
	objectVersion = 56;
	objects = {

/* Begin PBXBuildFile section */
		EE408D8C2956033C00AE5CF3 /* AppDelegate.swift in Sources */ = {isa = PBXBuildFile; fileRef = EE408D8B2956033C00AE5CF3 /* AppDelegate.swift */; };
		EE408D8E2956033C00AE5CF3 /* SceneDelegate.swift in Sources */ = {isa = PBXBuildFile; fileRef = EE408D8D2956033C00AE5CF3 /* SceneDelegate.swift */; };
		EE408D902956033C00AE5CF3 /* PokemonTableViewController.swift in Sources */ = {isa = PBXBuildFile; fileRef = EE408D8F2956033C00AE5CF3 /* PokemonTableViewController.swift */; };
		EE408D952956033F00AE5CF3 /* Assets.xcassets in Resources */ = {isa = PBXBuildFile; fileRef = EE408D942956033F00AE5CF3 /* Assets.xcassets */; };
		EE408D982956033F00AE5CF3 /* LaunchScreen.storyboard in Resources */ = {isa = PBXBuildFile; fileRef = EE408D962956033F00AE5CF3 /* LaunchScreen.storyboard */; };
		EE408DA02956064000AE5CF3 /* PokemonResponse.swift in Sources */ = {isa = PBXBuildFile; fileRef = EE408D9F2956064000AE5CF3 /* PokemonResponse.swift */; };
		EE408DA229560DCB00AE5CF3 /* PokemonTableViewCell.swift in Sources */ = {isa = PBXBuildFile; fileRef = EE408DA129560DCB00AE5CF3 /* PokemonTableViewCell.swift */; };
		EE408DA4295DE3A100AE5CF3 /* ImageCache.swift in Sources */ = {isa = PBXBuildFile; fileRef = EE408DA3295DE3A100AE5CF3 /* ImageCache.swift */; };
		EE408DA6295DE7EE00AE5CF3 /* NetworkManager.swift in Sources */ = {isa = PBXBuildFile; fileRef = EE408DA5295DE7EE00AE5CF3 /* NetworkManager.swift */; };
		EE408DA9295DE94A00AE5CF3 /* CustomError.swift in Sources */ = {isa = PBXBuildFile; fileRef = EE408DA8295DE94A00AE5CF3 /* CustomError.swift */; };
		EE408DAD295DF75300AE5CF3 /* Extensions.swift in Sources */ = {isa = PBXBuildFile; fileRef = EE408DAC295DF75300AE5CF3 /* Extensions.swift */; };
		EE408DB2295F385B00AE5CF3 /* PokemonDetailResponse.swift in Sources */ = {isa = PBXBuildFile; fileRef = EE408DB1295F385B00AE5CF3 /* PokemonDetailResponse.swift */; };
		EE408DB4296082DD00AE5CF3 /* PokemonCollectionViewController.swift in Sources */ = {isa = PBXBuildFile; fileRef = EE408DB3296082DD00AE5CF3 /* PokemonCollectionViewController.swift */; };
		EE408DB6296082FA00AE5CF3 /* TabBarController.swift in Sources */ = {isa = PBXBuildFile; fileRef = EE408DB5296082FA00AE5CF3 /* TabBarController.swift */; };
		EE408DB829634A9A00AE5CF3 /* PokemonCollectionViewCell.swift in Sources */ = {isa = PBXBuildFile; fileRef = EE408DB729634A9A00AE5CF3 /* PokemonCollectionViewCell.swift */; };
/* End PBXBuildFile section */

/* Begin PBXFileReference section */
		EE408D882956033C00AE5CF3 /* PokedexApp.app */ = {isa = PBXFileReference; explicitFileType = wrapper.application; includeInIndex = 0; path = PokedexApp.app; sourceTree = BUILT_PRODUCTS_DIR; };
		EE408D8B2956033C00AE5CF3 /* AppDelegate.swift */ = {isa = PBXFileReference; lastKnownFileType = sourcecode.swift; path = AppDelegate.swift; sourceTree = "<group>"; };
		EE408D8D2956033C00AE5CF3 /* SceneDelegate.swift */ = {isa = PBXFileReference; lastKnownFileType = sourcecode.swift; path = SceneDelegate.swift; sourceTree = "<group>"; };
		EE408D8F2956033C00AE5CF3 /* PokemonTableViewController.swift */ = {isa = PBXFileReference; lastKnownFileType = sourcecode.swift; path = PokemonTableViewController.swift; sourceTree = "<group>"; };
		EE408D942956033F00AE5CF3 /* Assets.xcassets */ = {isa = PBXFileReference; lastKnownFileType = folder.assetcatalog; path = Assets.xcassets; sourceTree = "<group>"; };
		EE408D972956033F00AE5CF3 /* Base */ = {isa = PBXFileReference; lastKnownFileType = file.storyboard; name = Base; path = Base.lproj/LaunchScreen.storyboard; sourceTree = "<group>"; };
		EE408D992956033F00AE5CF3 /* Info.plist */ = {isa = PBXFileReference; lastKnownFileType = text.plist.xml; path = Info.plist; sourceTree = "<group>"; };
		EE408D9F2956064000AE5CF3 /* PokemonResponse.swift */ = {isa = PBXFileReference; lastKnownFileType = sourcecode.swift; path = PokemonResponse.swift; sourceTree = "<group>"; };
		EE408DA129560DCB00AE5CF3 /* PokemonTableViewCell.swift */ = {isa = PBXFileReference; lastKnownFileType = sourcecode.swift; path = PokemonTableViewCell.swift; sourceTree = "<group>"; };
		EE408DA3295DE3A100AE5CF3 /* ImageCache.swift */ = {isa = PBXFileReference; lastKnownFileType = sourcecode.swift; path = ImageCache.swift; sourceTree = "<group>"; };
		EE408DA5295DE7EE00AE5CF3 /* NetworkManager.swift */ = {isa = PBXFileReference; lastKnownFileType = sourcecode.swift; path = NetworkManager.swift; sourceTree = "<group>"; };
		EE408DA8295DE94A00AE5CF3 /* CustomError.swift */ = {isa = PBXFileReference; lastKnownFileType = sourcecode.swift; path = CustomError.swift; sourceTree = "<group>"; };
		EE408DAC295DF75300AE5CF3 /* Extensions.swift */ = {isa = PBXFileReference; lastKnownFileType = sourcecode.swift; path = Extensions.swift; sourceTree = "<group>"; };
		EE408DB1295F385B00AE5CF3 /* PokemonDetailResponse.swift */ = {isa = PBXFileReference; lastKnownFileType = sourcecode.swift; path = PokemonDetailResponse.swift; sourceTree = "<group>"; };
		EE408DB3296082DD00AE5CF3 /* PokemonCollectionViewController.swift */ = {isa = PBXFileReference; lastKnownFileType = sourcecode.swift; path = PokemonCollectionViewController.swift; sourceTree = "<group>"; };
		EE408DB5296082FA00AE5CF3 /* TabBarController.swift */ = {isa = PBXFileReference; lastKnownFileType = sourcecode.swift; path = TabBarController.swift; sourceTree = "<group>"; };
		EE408DB729634A9A00AE5CF3 /* PokemonCollectionViewCell.swift */ = {isa = PBXFileReference; lastKnownFileType = sourcecode.swift; path = PokemonCollectionViewCell.swift; sourceTree = "<group>"; };
/* End PBXFileReference section */

/* Begin PBXFrameworksBuildPhase section */
		EE408D852956033C00AE5CF3 /* Frameworks */ = {
			isa = PBXFrameworksBuildPhase;
			buildActionMask = 2147483647;
			files = (
			);
			runOnlyForDeploymentPostprocessing = 0;
		};
/* End PBXFrameworksBuildPhase section */

/* Begin PBXGroup section */
		EE408D7F2956033C00AE5CF3 = {
			isa = PBXGroup;
			children = (
				EE408D8A2956033C00AE5CF3 /* PokedexApp */,
				EE408D892956033C00AE5CF3 /* Products */,
			);
			sourceTree = "<group>";
		};
		EE408D892956033C00AE5CF3 /* Products */ = {
			isa = PBXGroup;
			children = (
				EE408D882956033C00AE5CF3 /* PokedexApp.app */,
			);
			name = Products;
			sourceTree = "<group>";
		};
		EE408D8A2956033C00AE5CF3 /* PokedexApp */ = {
			isa = PBXGroup;
			children = (
				EE408D8B2956033C00AE5CF3 /* AppDelegate.swift */,
				EE408D8D2956033C00AE5CF3 /* SceneDelegate.swift */,
				EE408DAF295F382100AE5CF3 /* Controllers */,
				EE408DB0295F383300AE5CF3 /* Views */,
				EE408DAE295F381300AE5CF3 /* Models */,
				EE408DAA295DE97400AE5CF3 /* Managers */,
				EE408DA7295DE93E00AE5CF3 /* Utilities */,
				EE408D942956033F00AE5CF3 /* Assets.xcassets */,
				EE408D962956033F00AE5CF3 /* LaunchScreen.storyboard */,
				EE408D992956033F00AE5CF3 /* Info.plist */,
			);
			path = PokedexApp;
			sourceTree = "<group>";
		};
		EE408DA7295DE93E00AE5CF3 /* Utilities */ = {
			isa = PBXGroup;
			children = (
				EE408DA8295DE94A00AE5CF3 /* CustomError.swift */,
				EE408DAC295DF75300AE5CF3 /* Extensions.swift */,
			);
			path = Utilities;
			sourceTree = "<group>";
		};
		EE408DAA295DE97400AE5CF3 /* Managers */ = {
			isa = PBXGroup;
			children = (
				EE408DA3295DE3A100AE5CF3 /* ImageCache.swift */,
				EE408DA5295DE7EE00AE5CF3 /* NetworkManager.swift */,
			);
			path = Managers;
			sourceTree = "<group>";
		};
		EE408DAE295F381300AE5CF3 /* Models */ = {
			isa = PBXGroup;
			children = (
				EE408D9F2956064000AE5CF3 /* PokemonResponse.swift */,
				EE408DB1295F385B00AE5CF3 /* PokemonDetailResponse.swift */,
			);
			path = Models;
			sourceTree = "<group>";
		};
		EE408DAF295F382100AE5CF3 /* Controllers */ = {
			isa = PBXGroup;
			children = (
				EE408DB5296082FA00AE5CF3 /* TabBarController.swift */,
				EE408D8F2956033C00AE5CF3 /* PokemonTableViewController.swift */,
				EE408DB3296082DD00AE5CF3 /* PokemonCollectionViewController.swift */,
			);
			path = Controllers;
			sourceTree = "<group>";
		};
		EE408DB0295F383300AE5CF3 /* Views */ = {
			isa = PBXGroup;
			children = (
				EE408DA129560DCB00AE5CF3 /* PokemonTableViewCell.swift */,
				EE408DB729634A9A00AE5CF3 /* PokemonCollectionViewCell.swift */,
			);
			path = Views;
			sourceTree = "<group>";
		};
/* End PBXGroup section */

/* Begin PBXNativeTarget section */
		EE408D872956033C00AE5CF3 /* PokedexApp */ = {
			isa = PBXNativeTarget;
			buildConfigurationList = EE408D9C2956033F00AE5CF3 /* Build configuration list for PBXNativeTarget "PokedexApp" */;
			buildPhases = (
				EE408D842956033C00AE5CF3 /* Sources */,
				EE408D852956033C00AE5CF3 /* Frameworks */,
				EE408D862956033C00AE5CF3 /* Resources */,
			);
			buildRules = (
			);
			dependencies = (
			);
			name = PokedexApp;
			productName = PokedexApp;
			productReference = EE408D882956033C00AE5CF3 /* PokedexApp.app */;
			productType = "com.apple.product-type.application";
		};
/* End PBXNativeTarget section */

/* Begin PBXProject section */
		EE408D802956033C00AE5CF3 /* Project object */ = {
			isa = PBXProject;
			attributes = {
				BuildIndependentTargetsInParallel = 1;
				LastSwiftUpdateCheck = 1400;
				LastUpgradeCheck = 1400;
				TargetAttributes = {
					EE408D872956033C00AE5CF3 = {
						CreatedOnToolsVersion = 14.0.1;
					};
				};
			};
			buildConfigurationList = EE408D832956033C00AE5CF3 /* Build configuration list for PBXProject "PokedexApp" */;
			compatibilityVersion = "Xcode 14.0";
			developmentRegion = en;
			hasScannedForEncodings = 0;
			knownRegions = (
				en,
				Base,
			);
			mainGroup = EE408D7F2956033C00AE5CF3;
			productRefGroup = EE408D892956033C00AE5CF3 /* Products */;
			projectDirPath = "";
			projectRoot = "";
			targets = (
				EE408D872956033C00AE5CF3 /* PokedexApp */,
			);
		};
/* End PBXProject section */

/* Begin PBXResourcesBuildPhase section */
		EE408D862956033C00AE5CF3 /* Resources */ = {
			isa = PBXResourcesBuildPhase;
			buildActionMask = 2147483647;
			files = (
				EE408D982956033F00AE5CF3 /* LaunchScreen.storyboard in Resources */,
				EE408D952956033F00AE5CF3 /* Assets.xcassets in Resources */,
			);
			runOnlyForDeploymentPostprocessing = 0;
		};
/* End PBXResourcesBuildPhase section */

/* Begin PBXSourcesBuildPhase section */
		EE408D842956033C00AE5CF3 /* Sources */ = {
			isa = PBXSourcesBuildPhase;
			buildActionMask = 2147483647;
			files = (
				EE408DA4295DE3A100AE5CF3 /* ImageCache.swift in Sources */,
				EE408DAD295DF75300AE5CF3 /* Extensions.swift in Sources */,
				EE408DB4296082DD00AE5CF3 /* PokemonCollectionViewController.swift in Sources */,
				EE408DA9295DE94A00AE5CF3 /* CustomError.swift in Sources */,
				EE408DA02956064000AE5CF3 /* PokemonResponse.swift in Sources */,
				EE408D902956033C00AE5CF3 /* PokemonTableViewController.swift in Sources */,
				EE408DA6295DE7EE00AE5CF3 /* NetworkManager.swift in Sources */,
				EE408D8C2956033C00AE5CF3 /* AppDelegate.swift in Sources */,
				EE408DB2295F385B00AE5CF3 /* PokemonDetailResponse.swift in Sources */,
				EE408DB6296082FA00AE5CF3 /* TabBarController.swift in Sources */,
				EE408DA229560DCB00AE5CF3 /* PokemonTableViewCell.swift in Sources */,
				EE408DB829634A9A00AE5CF3 /* PokemonCollectionViewCell.swift in Sources */,
				EE408D8E2956033C00AE5CF3 /* SceneDelegate.swift in Sources */,
			);
			runOnlyForDeploymentPostprocessing = 0;
		};
/* End PBXSourcesBuildPhase section */

/* Begin PBXVariantGroup section */
		EE408D962956033F00AE5CF3 /* LaunchScreen.storyboard */ = {
			isa = PBXVariantGroup;
			children = (
				EE408D972956033F00AE5CF3 /* Base */,
			);
			name = LaunchScreen.storyboard;
			sourceTree = "<group>";
		};
/* End PBXVariantGroup section */

/* Begin XCBuildConfiguration section */
		EE408D9A2956033F00AE5CF3 /* Debug */ = {
			isa = XCBuildConfiguration;
			buildSettings = {
				ALWAYS_SEARCH_USER_PATHS = NO;
				CLANG_ANALYZER_NONNULL = YES;
				CLANG_ANALYZER_NUMBER_OBJECT_CONVERSION = YES_AGGRESSIVE;
				CLANG_CXX_LANGUAGE_STANDARD = "gnu++20";
				CLANG_ENABLE_MODULES = YES;
				CLANG_ENABLE_OBJC_ARC = YES;
				CLANG_ENABLE_OBJC_WEAK = YES;
				CLANG_WARN_BLOCK_CAPTURE_AUTORELEASING = YES;
				CLANG_WARN_BOOL_CONVERSION = YES;
				CLANG_WARN_COMMA = YES;
				CLANG_WARN_CONSTANT_CONVERSION = YES;
				CLANG_WARN_DEPRECATED_OBJC_IMPLEMENTATIONS = YES;
				CLANG_WARN_DIRECT_OBJC_ISA_USAGE = YES_ERROR;
				CLANG_WARN_DOCUMENTATION_COMMENTS = YES;
				CLANG_WARN_EMPTY_BODY = YES;
				CLANG_WARN_ENUM_CONVERSION = YES;
				CLANG_WARN_INFINITE_RECURSION = YES;
				CLANG_WARN_INT_CONVERSION = YES;
				CLANG_WARN_NON_LITERAL_NULL_CONVERSION = YES;
				CLANG_WARN_OBJC_IMPLICIT_RETAIN_SELF = YES;
				CLANG_WARN_OBJC_LITERAL_CONVERSION = YES;
				CLANG_WARN_OBJC_ROOT_CLASS = YES_ERROR;
				CLANG_WARN_QUOTED_INCLUDE_IN_FRAMEWORK_HEADER = YES;
				CLANG_WARN_RANGE_LOOP_ANALYSIS = YES;
				CLANG_WARN_STRICT_PROTOTYPES = YES;
				CLANG_WARN_SUSPICIOUS_MOVE = YES;
				CLANG_WARN_UNGUARDED_AVAILABILITY = YES_AGGRESSIVE;
				CLANG_WARN_UNREACHABLE_CODE = YES;
				CLANG_WARN__DUPLICATE_METHOD_MATCH = YES;
				COPY_PHASE_STRIP = NO;
				DEBUG_INFORMATION_FORMAT = dwarf;
				ENABLE_STRICT_OBJC_MSGSEND = YES;
				ENABLE_TESTABILITY = YES;
				GCC_C_LANGUAGE_STANDARD = gnu11;
				GCC_DYNAMIC_NO_PIC = NO;
				GCC_NO_COMMON_BLOCKS = YES;
				GCC_OPTIMIZATION_LEVEL = 0;
				GCC_PREPROCESSOR_DEFINITIONS = (
					"DEBUG=1",
					"$(inherited)",
				);
				GCC_WARN_64_TO_32_BIT_CONVERSION = YES;
				GCC_WARN_ABOUT_RETURN_TYPE = YES_ERROR;
				GCC_WARN_UNDECLARED_SELECTOR = YES;
				GCC_WARN_UNINITIALIZED_AUTOS = YES_AGGRESSIVE;
				GCC_WARN_UNUSED_FUNCTION = YES;
				GCC_WARN_UNUSED_VARIABLE = YES;
				IPHONEOS_DEPLOYMENT_TARGET = 16.0;
				MTL_ENABLE_DEBUG_INFO = INCLUDE_SOURCE;
				MTL_FAST_MATH = YES;
				ONLY_ACTIVE_ARCH = YES;
				SDKROOT = iphoneos;
				SWIFT_ACTIVE_COMPILATION_CONDITIONS = DEBUG;
				SWIFT_OPTIMIZATION_LEVEL = "-Onone";
			};
			name = Debug;
		};
		EE408D9B2956033F00AE5CF3 /* Release */ = {
			isa = XCBuildConfiguration;
			buildSettings = {
				ALWAYS_SEARCH_USER_PATHS = NO;
				CLANG_ANALYZER_NONNULL = YES;
				CLANG_ANALYZER_NUMBER_OBJECT_CONVERSION = YES_AGGRESSIVE;
				CLANG_CXX_LANGUAGE_STANDARD = "gnu++20";
				CLANG_ENABLE_MODULES = YES;
				CLANG_ENABLE_OBJC_ARC = YES;
				CLANG_ENABLE_OBJC_WEAK = YES;
				CLANG_WARN_BLOCK_CAPTURE_AUTORELEASING = YES;
				CLANG_WARN_BOOL_CONVERSION = YES;
				CLANG_WARN_COMMA = YES;
				CLANG_WARN_CONSTANT_CONVERSION = YES;
				CLANG_WARN_DEPRECATED_OBJC_IMPLEMENTATIONS = YES;
				CLANG_WARN_DIRECT_OBJC_ISA_USAGE = YES_ERROR;
				CLANG_WARN_DOCUMENTATION_COMMENTS = YES;
				CLANG_WARN_EMPTY_BODY = YES;
				CLANG_WARN_ENUM_CONVERSION = YES;
				CLANG_WARN_INFINITE_RECURSION = YES;
				CLANG_WARN_INT_CONVERSION = YES;
				CLANG_WARN_NON_LITERAL_NULL_CONVERSION = YES;
				CLANG_WARN_OBJC_IMPLICIT_RETAIN_SELF = YES;
				CLANG_WARN_OBJC_LITERAL_CONVERSION = YES;
				CLANG_WARN_OBJC_ROOT_CLASS = YES_ERROR;
				CLANG_WARN_QUOTED_INCLUDE_IN_FRAMEWORK_HEADER = YES;
				CLANG_WARN_RANGE_LOOP_ANALYSIS = YES;
				CLANG_WARN_STRICT_PROTOTYPES = YES;
				CLANG_WARN_SUSPICIOUS_MOVE = YES;
				CLANG_WARN_UNGUARDED_AVAILABILITY = YES_AGGRESSIVE;
				CLANG_WARN_UNREACHABLE_CODE = YES;
				CLANG_WARN__DUPLICATE_METHOD_MATCH = YES;
				COPY_PHASE_STRIP = NO;
				DEBUG_INFORMATION_FORMAT = "dwarf-with-dsym";
				ENABLE_NS_ASSERTIONS = NO;
				ENABLE_STRICT_OBJC_MSGSEND = YES;
				GCC_C_LANGUAGE_STANDARD = gnu11;
				GCC_NO_COMMON_BLOCKS = YES;
				GCC_WARN_64_TO_32_BIT_CONVERSION = YES;
				GCC_WARN_ABOUT_RETURN_TYPE = YES_ERROR;
				GCC_WARN_UNDECLARED_SELECTOR = YES;
				GCC_WARN_UNINITIALIZED_AUTOS = YES_AGGRESSIVE;
				GCC_WARN_UNUSED_FUNCTION = YES;
				GCC_WARN_UNUSED_VARIABLE = YES;
				IPHONEOS_DEPLOYMENT_TARGET = 16.0;
				MTL_ENABLE_DEBUG_INFO = NO;
				MTL_FAST_MATH = YES;
				SDKROOT = iphoneos;
				SWIFT_COMPILATION_MODE = wholemodule;
				SWIFT_OPTIMIZATION_LEVEL = "-O";
				VALIDATE_PRODUCT = YES;
			};
			name = Release;
		};
		EE408D9D2956033F00AE5CF3 /* Debug */ = {
			isa = XCBuildConfiguration;
			buildSettings = {
				ASSETCATALOG_COMPILER_APPICON_NAME = AppIcon;
				ASSETCATALOG_COMPILER_GLOBAL_ACCENT_COLOR_NAME = AccentColor;
				CODE_SIGN_STYLE = Automatic;
				CURRENT_PROJECT_VERSION = 1;
				DEVELOPMENT_TEAM = VZ5R657T48;
				GENERATE_INFOPLIST_FILE = YES;
				INFOPLIST_FILE = PokedexApp/Info.plist;
				INFOPLIST_KEY_UIApplicationSupportsIndirectInputEvents = YES;
				INFOPLIST_KEY_UILaunchStoryboardName = LaunchScreen;
				INFOPLIST_KEY_UISupportedInterfaceOrientations_iPad = "UIInterfaceOrientationPortrait UIInterfaceOrientationPortraitUpsideDown UIInterfaceOrientationLandscapeLeft UIInterfaceOrientationLandscapeRight";
				INFOPLIST_KEY_UISupportedInterfaceOrientations_iPhone = "UIInterfaceOrientationPortrait UIInterfaceOrientationLandscapeLeft UIInterfaceOrientationLandscapeRight";
				LD_RUNPATH_SEARCH_PATHS = (
					"$(inherited)",
					"@executable_path/Frameworks",
				);
				MARKETING_VERSION = 1.0;
				PRODUCT_BUNDLE_IDENTIFIER = AaronArcher.PokedexApp;
				PRODUCT_NAME = "$(TARGET_NAME)";
				SWIFT_EMIT_LOC_STRINGS = YES;
				SWIFT_VERSION = 5.0;
				TARGETED_DEVICE_FAMILY = "1,2";
			};
			name = Debug;
		};
		EE408D9E2956033F00AE5CF3 /* Release */ = {
			isa = XCBuildConfiguration;
			buildSettings = {
				ASSETCATALOG_COMPILER_APPICON_NAME = AppIcon;
				ASSETCATALOG_COMPILER_GLOBAL_ACCENT_COLOR_NAME = AccentColor;
				CODE_SIGN_STYLE = Automatic;
				CURRENT_PROJECT_VERSION = 1;
				DEVELOPMENT_TEAM = VZ5R657T48;
				GENERATE_INFOPLIST_FILE = YES;
				INFOPLIST_FILE = PokedexApp/Info.plist;
				INFOPLIST_KEY_UIApplicationSupportsIndirectInputEvents = YES;
				INFOPLIST_KEY_UILaunchStoryboardName = LaunchScreen;
				INFOPLIST_KEY_UISupportedInterfaceOrientations_iPad = "UIInterfaceOrientationPortrait UIInterfaceOrientationPortraitUpsideDown UIInterfaceOrientationLandscapeLeft UIInterfaceOrientationLandscapeRight";
				INFOPLIST_KEY_UISupportedInterfaceOrientations_iPhone = "UIInterfaceOrientationPortrait UIInterfaceOrientationLandscapeLeft UIInterfaceOrientationLandscapeRight";
				LD_RUNPATH_SEARCH_PATHS = (
					"$(inherited)",
					"@executable_path/Frameworks",
				);
				MARKETING_VERSION = 1.0;
				PRODUCT_BUNDLE_IDENTIFIER = AaronArcher.PokedexApp;
				PRODUCT_NAME = "$(TARGET_NAME)";
				SWIFT_EMIT_LOC_STRINGS = YES;
				SWIFT_VERSION = 5.0;
				TARGETED_DEVICE_FAMILY = "1,2";
			};
			name = Release;
		};
/* End XCBuildConfiguration section */

/* Begin XCConfigurationList section */
		EE408D832956033C00AE5CF3 /* Build configuration list for PBXProject "PokedexApp" */ = {
			isa = XCConfigurationList;
			buildConfigurations = (
				EE408D9A2956033F00AE5CF3 /* Debug */,
				EE408D9B2956033F00AE5CF3 /* Release */,
			);
			defaultConfigurationIsVisible = 0;
			defaultConfigurationName = Release;
		};
		EE408D9C2956033F00AE5CF3 /* Build configuration list for PBXNativeTarget "PokedexApp" */ = {
			isa = XCConfigurationList;
			buildConfigurations = (
				EE408D9D2956033F00AE5CF3 /* Debug */,
				EE408D9E2956033F00AE5CF3 /* Release */,
			);
			defaultConfigurationIsVisible = 0;
			defaultConfigurationName = Release;
		};
/* End XCConfigurationList section */
	};
	rootObject = EE408D802956033C00AE5CF3 /* Project object */;
}
